// !$*UTF8*$!
{
	archiveVersion = 1;
	classes = {
	};
	objectVersion = 55;
	objects = {

/* Begin PBXBuildFile section */
		52CC18622B06307100D34553 /* iOS_test_projectApp.swift in Sources */ = {isa = PBXBuildFile; fileRef = 52CC18612B06307100D34553 /* iOS_test_projectApp.swift */; };
		52CC18642B06307100D34553 /* ContentView.swift in Sources */ = {isa = PBXBuildFile; fileRef = 52CC18632B06307100D34553 /* ContentView.swift */; };
		52CC18662B06307300D34553 /* Assets.xcassets in Resources */ = {isa = PBXBuildFile; fileRef = 52CC18652B06307300D34553 /* Assets.xcassets */; };
		52CC18692B06307300D34553 /* Preview Assets.xcassets in Resources */ = {isa = PBXBuildFile; fileRef = 52CC18682B06307300D34553 /* Preview Assets.xcassets */; };
		52CC18722B063C8E00D34553 /* ProfileImage.swift in Sources */ = {isa = PBXBuildFile; fileRef = 52CC18712B063C8E00D34553 /* ProfileImage.swift */; };
		52CC18742B0641CE00D34553 /* DoctorNotif.swift in Sources */ = {isa = PBXBuildFile; fileRef = 52CC18732B0641CE00D34553 /* DoctorNotif.swift */; };
		52CC18762B06651200D34553 /* SearchBar.swift in Sources */ = {isa = PBXBuildFile; fileRef = 52CC18752B06651200D34553 /* SearchBar.swift */; };
		52CC18782B0670EC00D34553 /* MenuBar.swift in Sources */ = {isa = PBXBuildFile; fileRef = 52CC18772B0670EC00D34553 /* MenuBar.swift */; };
		52CC187A2B06897100D34553 /* NearDoctor.swift in Sources */ = {isa = PBXBuildFile; fileRef = 52CC18792B06897100D34553 /* NearDoctor.swift */; };
/* End PBXBuildFile section */

/* Begin PBXFileReference section */
		52CC185E2B06307100D34553 /* iOS-test-project.app */ = {isa = PBXFileReference; explicitFileType = wrapper.application; includeInIndex = 0; path = "iOS-test-project.app"; sourceTree = BUILT_PRODUCTS_DIR; };
		52CC18612B06307100D34553 /* iOS_test_projectApp.swift */ = {isa = PBXFileReference; lastKnownFileType = sourcecode.swift; path = iOS_test_projectApp.swift; sourceTree = "<group>"; };
		52CC18632B06307100D34553 /* ContentView.swift */ = {isa = PBXFileReference; lastKnownFileType = sourcecode.swift; path = ContentView.swift; sourceTree = "<group>"; };
		52CC18652B06307300D34553 /* Assets.xcassets */ = {isa = PBXFileReference; lastKnownFileType = folder.assetcatalog; path = Assets.xcassets; sourceTree = "<group>"; };
		52CC18682B06307300D34553 /* Preview Assets.xcassets */ = {isa = PBXFileReference; lastKnownFileType = folder.assetcatalog; path = "Preview Assets.xcassets"; sourceTree = "<group>"; };
		52CC18712B063C8E00D34553 /* ProfileImage.swift */ = {isa = PBXFileReference; lastKnownFileType = sourcecode.swift; path = ProfileImage.swift; sourceTree = "<group>"; };
		52CC18732B0641CE00D34553 /* DoctorNotif.swift */ = {isa = PBXFileReference; lastKnownFileType = sourcecode.swift; path = DoctorNotif.swift; sourceTree = "<group>"; };
		52CC18752B06651200D34553 /* SearchBar.swift */ = {isa = PBXFileReference; lastKnownFileType = sourcecode.swift; path = SearchBar.swift; sourceTree = "<group>"; };
		52CC18772B0670EC00D34553 /* MenuBar.swift */ = {isa = PBXFileReference; lastKnownFileType = sourcecode.swift; path = MenuBar.swift; sourceTree = "<group>"; };
		52CC18792B06897100D34553 /* NearDoctor.swift */ = {isa = PBXFileReference; lastKnownFileType = sourcecode.swift; path = NearDoctor.swift; sourceTree = "<group>"; };
/* End PBXFileReference section */

/* Begin PBXFrameworksBuildPhase section */
		52CC185B2B06307100D34553 /* Frameworks */ = {
			isa = PBXFrameworksBuildPhase;
			buildActionMask = 2147483647;
			files = (
			);
			runOnlyForDeploymentPostprocessing = 0;
		};
/* End PBXFrameworksBuildPhase section */

/* Begin PBXGroup section */
		52CC18552B06307100D34553 = {
			isa = PBXGroup;
			children = (
				52CC18602B06307100D34553 /* iOS-test-project */,
				52CC185F2B06307100D34553 /* Products */,
			);
			sourceTree = "<group>";
		};
		52CC185F2B06307100D34553 /* Products */ = {
			isa = PBXGroup;
			children = (
				52CC185E2B06307100D34553 /* iOS-test-project.app */,
			);
			name = Products;
			sourceTree = "<group>";
		};
		52CC18602B06307100D34553 /* iOS-test-project */ = {
			isa = PBXGroup;
			children = (
				52CC18712B063C8E00D34553 /* ProfileImage.swift */,
				52CC18732B0641CE00D34553 /* DoctorNotif.swift */,
				52CC18612B06307100D34553 /* iOS_test_projectApp.swift */,
				52CC18632B06307100D34553 /* ContentView.swift */,
				52CC18752B06651200D34553 /* SearchBar.swift */,
				52CC18772B0670EC00D34553 /* MenuBar.swift */,
				52CC18652B06307300D34553 /* Assets.xcassets */,
				52CC18672B06307300D34553 /* Preview Content */,
				52CC18792B06897100D34553 /* NearDoctor.swift */,
			);
			path = "iOS-test-project";
			sourceTree = "<group>";
		};
		52CC18672B06307300D34553 /* Preview Content */ = {
			isa = PBXGroup;
			children = (
				52CC18682B06307300D34553 /* Preview Assets.xcassets */,
			);
			path = "Preview Content";
			sourceTree = "<group>";
		};
/* End PBXGroup section */

/* Begin PBXNativeTarget section */
		52CC185D2B06307100D34553 /* iOS-test-project */ = {
			isa = PBXNativeTarget;
			buildConfigurationList = 52CC186C2B06307300D34553 /* Build configuration list for PBXNativeTarget "iOS-test-project" */;
			buildPhases = (
				52CC185A2B06307100D34553 /* Sources */,
				52CC185B2B06307100D34553 /* Frameworks */,
				52CC185C2B06307100D34553 /* Resources */,
			);
			buildRules = (
			);
			dependencies = (
			);
			name = "iOS-test-project";
			productName = "iOS-test-project";
			productReference = 52CC185E2B06307100D34553 /* iOS-test-project.app */;
			productType = "com.apple.product-type.application";
		};
/* End PBXNativeTarget section */

/* Begin PBXProject section */
		52CC18562B06307100D34553 /* Project object */ = {
			isa = PBXProject;
			attributes = {
				BuildIndependentTargetsInParallel = 1;
				LastSwiftUpdateCheck = 1320;
				LastUpgradeCheck = 1320;
				TargetAttributes = {
					52CC185D2B06307100D34553 = {
						CreatedOnToolsVersion = 13.2.1;
					};
				};
			};
			buildConfigurationList = 52CC18592B06307100D34553 /* Build configuration list for PBXProject "iOS-test-project" */;
			compatibilityVersion = "Xcode 13.0";
			developmentRegion = en;
			hasScannedForEncodings = 0;
			knownRegions = (
				en,
				Base,
			);
			mainGroup = 52CC18552B06307100D34553;
			productRefGroup = 52CC185F2B06307100D34553 /* Products */;
			projectDirPath = "";
			projectRoot = "";
			targets = (
				52CC185D2B06307100D34553 /* iOS-test-project */,
			);
		};
/* End PBXProject section */

/* Begin PBXResourcesBuildPhase section */
		52CC185C2B06307100D34553 /* Resources */ = {
			isa = PBXResourcesBuildPhase;
			buildActionMask = 2147483647;
			files = (
				52CC18692B06307300D34553 /* Preview Assets.xcassets in Resources */,
				52CC18662B06307300D34553 /* Assets.xcassets in Resources */,
			);
			runOnlyForDeploymentPostprocessing = 0;
		};
/* End PBXResourcesBuildPhase section */

/* Begin PBXSourcesBuildPhase section */
		52CC185A2B06307100D34553 /* Sources */ = {
			isa = PBXSourcesBuildPhase;
			buildActionMask = 2147483647;
			files = (
				52CC18642B06307100D34553 /* ContentView.swift in Sources */,
				52CC18722B063C8E00D34553 /* ProfileImage.swift in Sources */,
				52CC187A2B06897100D34553 /* NearDoctor.swift in Sources */,
				52CC18782B0670EC00D34553 /* MenuBar.swift in Sources */,
				52CC18762B06651200D34553 /* SearchBar.swift in Sources */,
				52CC18622B06307100D34553 /* iOS_test_projectApp.swift in Sources */,
				52CC18742B0641CE00D34553 /* DoctorNotif.swift in Sources */,
			);
			runOnlyForDeploymentPostprocessing = 0;
		};
/* End PBXSourcesBuildPhase section */

/* Begin XCBuildConfiguration section */
		52CC186A2B06307300D34553 /* Debug */ = {
			isa = XCBuildConfiguration;
			buildSettings = {
				ALWAYS_SEARCH_USER_PATHS = NO;
				CLANG_ANALYZER_NONNULL = YES;
				CLANG_ANALYZER_NUMBER_OBJECT_CONVERSION = YES_AGGRESSIVE;
				CLANG_CXX_LANGUAGE_STANDARD = "gnu++17";
				CLANG_CXX_LIBRARY = "libc++";
				CLANG_ENABLE_MODULES = YES;
				CLANG_ENABLE_OBJC_ARC = YES;
				CLANG_ENABLE_OBJC_WEAK = YES;
				CLANG_WARN_BLOCK_CAPTURE_AUTORELEASING = YES;
				CLANG_WARN_BOOL_CONVERSION = YES;
				CLANG_WARN_COMMA = YES;
				CLANG_WARN_CONSTANT_CONVERSION = YES;
				CLANG_WARN_DEPRECATED_OBJC_IMPLEMENTATIONS = YES;
				CLANG_WARN_DIRECT_OBJC_ISA_USAGE = YES_ERROR;
				CLANG_WARN_DOCUMENTATION_COMMENTS = YES;
				CLANG_WARN_EMPTY_BODY = YES;
				CLANG_WARN_ENUM_CONVERSION = YES;
				CLANG_WARN_INFINITE_RECURSION = YES;
				CLANG_WARN_INT_CONVERSION = YES;
				CLANG_WARN_NON_LITERAL_NULL_CONVERSION = YES;
				CLANG_WARN_OBJC_IMPLICIT_RETAIN_SELF = YES;
				CLANG_WARN_OBJC_LITERAL_CONVERSION = YES;
				CLANG_WARN_OBJC_ROOT_CLASS = YES_ERROR;
				CLANG_WARN_QUOTED_INCLUDE_IN_FRAMEWORK_HEADER = YES;
				CLANG_WARN_RANGE_LOOP_ANALYSIS = YES;
				CLANG_WARN_STRICT_PROTOTYPES = YES;
				CLANG_WARN_SUSPICIOUS_MOVE = YES;
				CLANG_WARN_UNGUARDED_AVAILABILITY = YES_AGGRESSIVE;
				CLANG_WARN_UNREACHABLE_CODE = YES;
				CLANG_WARN__DUPLICATE_METHOD_MATCH = YES;
				COPY_PHASE_STRIP = NO;
				DEBUG_INFORMATION_FORMAT = dwarf;
				ENABLE_STRICT_OBJC_MSGSEND = YES;
				ENABLE_TESTABILITY = YES;
				GCC_C_LANGUAGE_STANDARD = gnu11;
				GCC_DYNAMIC_NO_PIC = NO;
				GCC_NO_COMMON_BLOCKS = YES;
				GCC_OPTIMIZATION_LEVEL = 0;
				GCC_PREPROCESSOR_DEFINITIONS = (
					"DEBUG=1",
					"$(inherited)",
				);
				GCC_WARN_64_TO_32_BIT_CONVERSION = YES;
				GCC_WARN_ABOUT_RETURN_TYPE = YES_ERROR;
				GCC_WARN_UNDECLARED_SELECTOR = YES;
				GCC_WARN_UNINITIALIZED_AUTOS = YES_AGGRESSIVE;
				GCC_WARN_UNUSED_FUNCTION = YES;
				GCC_WARN_UNUSED_VARIABLE = YES;
				IPHONEOS_DEPLOYMENT_TARGET = 15.2;
				MTL_ENABLE_DEBUG_INFO = INCLUDE_SOURCE;
				MTL_FAST_MATH = YES;
				ONLY_ACTIVE_ARCH = YES;
				SDKROOT = iphoneos;
				SWIFT_ACTIVE_COMPILATION_CONDITIONS = DEBUG;
				SWIFT_OPTIMIZATION_LEVEL = "-Onone";
			};
			name = Debug;
		};
		52CC186B2B06307300D34553 /* Release */ = {
			isa = XCBuildConfiguration;
			buildSettings = {
				ALWAYS_SEARCH_USER_PATHS = NO;
				CLANG_ANALYZER_NONNULL = YES;
				CLANG_ANALYZER_NUMBER_OBJECT_CONVERSION = YES_AGGRESSIVE;
				CLANG_CXX_LANGUAGE_STANDARD = "gnu++17";
				CLANG_CXX_LIBRARY = "libc++";
				CLANG_ENABLE_MODULES = YES;
				CLANG_ENABLE_OBJC_ARC = YES;
				CLANG_ENABLE_OBJC_WEAK = YES;
				CLANG_WARN_BLOCK_CAPTURE_AUTORELEASING = YES;
				CLANG_WARN_BOOL_CONVERSION = YES;
				CLANG_WARN_COMMA = YES;
				CLANG_WARN_CONSTANT_CONVERSION = YES;
				CLANG_WARN_DEPRECATED_OBJC_IMPLEMENTATIONS = YES;
				CLANG_WARN_DIRECT_OBJC_ISA_USAGE = YES_ERROR;
				CLANG_WARN_DOCUMENTATION_COMMENTS = YES;
				CLANG_WARN_EMPTY_BODY = YES;
				CLANG_WARN_ENUM_CONVERSION = YES;
				CLANG_WARN_INFINITE_RECURSION = YES;
				CLANG_WARN_INT_CONVERSION = YES;
				CLANG_WARN_NON_LITERAL_NULL_CONVERSION = YES;
				CLANG_WARN_OBJC_IMPLICIT_RETAIN_SELF = YES;
				CLANG_WARN_OBJC_LITERAL_CONVERSION = YES;
				CLANG_WARN_OBJC_ROOT_CLASS = YES_ERROR;
				CLANG_WARN_QUOTED_INCLUDE_IN_FRAMEWORK_HEADER = YES;
				CLANG_WARN_RANGE_LOOP_ANALYSIS = YES;
				CLANG_WARN_STRICT_PROTOTYPES = YES;
				CLANG_WARN_SUSPICIOUS_MOVE = YES;
				CLANG_WARN_UNGUARDED_AVAILABILITY = YES_AGGRESSIVE;
				CLANG_WARN_UNREACHABLE_CODE = YES;
				CLANG_WARN__DUPLICATE_METHOD_MATCH = YES;
				COPY_PHASE_STRIP = NO;
				DEBUG_INFORMATION_FORMAT = "dwarf-with-dsym";
				ENABLE_NS_ASSERTIONS = NO;
				ENABLE_STRICT_OBJC_MSGSEND = YES;
				GCC_C_LANGUAGE_STANDARD = gnu11;
				GCC_NO_COMMON_BLOCKS = YES;
				GCC_WARN_64_TO_32_BIT_CONVERSION = YES;
				GCC_WARN_ABOUT_RETURN_TYPE = YES_ERROR;
				GCC_WARN_UNDECLARED_SELECTOR = YES;
				GCC_WARN_UNINITIALIZED_AUTOS = YES_AGGRESSIVE;
				GCC_WARN_UNUSED_FUNCTION = YES;
				GCC_WARN_UNUSED_VARIABLE = YES;
				IPHONEOS_DEPLOYMENT_TARGET = 15.2;
				MTL_ENABLE_DEBUG_INFO = NO;
				MTL_FAST_MATH = YES;
				SDKROOT = iphoneos;
				SWIFT_COMPILATION_MODE = wholemodule;
				SWIFT_OPTIMIZATION_LEVEL = "-O";
				VALIDATE_PRODUCT = YES;
			};
			name = Release;
		};
		52CC186D2B06307300D34553 /* Debug */ = {
			isa = XCBuildConfiguration;
			buildSettings = {
				ASSETCATALOG_COMPILER_APPICON_NAME = AppIcon;
				ASSETCATALOG_COMPILER_GLOBAL_ACCENT_COLOR_NAME = AccentColor;
				CODE_SIGN_STYLE = Automatic;
				CURRENT_PROJECT_VERSION = 1;
				DEVELOPMENT_ASSET_PATHS = "\"iOS-test-project/Preview Content\"";
				DEVELOPMENT_TEAM = 5L432PDZBS;
				ENABLE_PREVIEWS = YES;
				GENERATE_INFOPLIST_FILE = YES;
				INFOPLIST_KEY_UIApplicationSceneManifest_Generation = YES;
				INFOPLIST_KEY_UIApplicationSupportsIndirectInputEvents = YES;
				INFOPLIST_KEY_UILaunchScreen_Generation = YES;
				INFOPLIST_KEY_UISupportedInterfaceOrientations_iPad = "UIInterfaceOrientationPortrait UIInterfaceOrientationPortraitUpsideDown UIInterfaceOrientationLandscapeLeft UIInterfaceOrientationLandscapeRight";
				INFOPLIST_KEY_UISupportedInterfaceOrientations_iPhone = "UIInterfaceOrientationPortrait UIInterfaceOrientationLandscapeLeft UIInterfaceOrientationLandscapeRight";
				LD_RUNPATH_SEARCH_PATHS = (
					"$(inherited)",
					"@executable_path/Frameworks",
				);
				MARKETING_VERSION = 1.0;
				PRODUCT_BUNDLE_IDENTIFIER = "com.iOS-test-project";
				PRODUCT_NAME = "$(TARGET_NAME)";
				SWIFT_EMIT_LOC_STRINGS = YES;
				SWIFT_VERSION = 5.0;
				TARGETED_DEVICE_FAMILY = "1,2";
			};
			name = Debug;
		};
		52CC186E2B06307300D34553 /* Release */ = {
			isa = XCBuildConfiguration;
			buildSettings = {
				ASSETCATALOG_COMPILER_APPICON_NAME = AppIcon;
				ASSETCATALOG_COMPILER_GLOBAL_ACCENT_COLOR_NAME = AccentColor;
				CODE_SIGN_STYLE = Automatic;
				CURRENT_PROJECT_VERSION = 1;
				DEVELOPMENT_ASSET_PATHS = "\"iOS-test-project/Preview Content\"";
				DEVELOPMENT_TEAM = 5L432PDZBS;
				ENABLE_PREVIEWS = YES;
				GENERATE_INFOPLIST_FILE = YES;
				INFOPLIST_KEY_UIApplicationSceneManifest_Generation = YES;
				INFOPLIST_KEY_UIApplicationSupportsIndirectInputEvents = YES;
				INFOPLIST_KEY_UILaunchScreen_Generation = YES;
				INFOPLIST_KEY_UISupportedInterfaceOrientations_iPad = "UIInterfaceOrientationPortrait UIInterfaceOrientationPortraitUpsideDown UIInterfaceOrientationLandscapeLeft UIInterfaceOrientationLandscapeRight";
				INFOPLIST_KEY_UISupportedInterfaceOrientations_iPhone = "UIInterfaceOrientationPortrait UIInterfaceOrientationLandscapeLeft UIInterfaceOrientationLandscapeRight";
				LD_RUNPATH_SEARCH_PATHS = (
					"$(inherited)",
					"@executable_path/Frameworks",
				);
				MARKETING_VERSION = 1.0;
				PRODUCT_BUNDLE_IDENTIFIER = "com.iOS-test-project";
				PRODUCT_NAME = "$(TARGET_NAME)";
				SWIFT_EMIT_LOC_STRINGS = YES;
				SWIFT_VERSION = 5.0;
				TARGETED_DEVICE_FAMILY = "1,2";
			};
			name = Release;
		};
/* End XCBuildConfiguration section */

/* Begin XCConfigurationList section */
		52CC18592B06307100D34553 /* Build configuration list for PBXProject "iOS-test-project" */ = {
			isa = XCConfigurationList;
			buildConfigurations = (
				52CC186A2B06307300D34553 /* Debug */,
				52CC186B2B06307300D34553 /* Release */,
			);
			defaultConfigurationIsVisible = 0;
			defaultConfigurationName = Release;
		};
		52CC186C2B06307300D34553 /* Build configuration list for PBXNativeTarget "iOS-test-project" */ = {
			isa = XCConfigurationList;
			buildConfigurations = (
				52CC186D2B06307300D34553 /* Debug */,
				52CC186E2B06307300D34553 /* Release */,
			);
			defaultConfigurationIsVisible = 0;
			defaultConfigurationName = Release;
		};
/* End XCConfigurationList section */
	};
	rootObject = 52CC18562B06307100D34553 /* Project object */;
}
